{
    "_readme": [
        "This file locks the dependencies of your project to a known state",
        "Read more about it at https://getcomposer.org/doc/01-basic-usage.md#composer-lock-the-lock-file",
        "This file is @generated automatically"
    ],
    "content-hash": "b48713d9fe10f974c0598a468db9c082",
    "packages": [
        {
            "name": "gm/php-common-singleton",
            "version": "dev-master",
            "source": {
                "type": "git",
                "url": "https://github.com/gleb-mihalkov/php-common-singleton.git",
                "reference": "509715a13a0d2832f71d1f8fbb72692d285a1e61"
            },
            "dist": {
                "type": "zip",
                "url": "https://api.github.com/repos/gleb-mihalkov/php-common-singleton/zipball/509715a13a0d2832f71d1f8fbb72692d285a1e61",
                "reference": "509715a13a0d2832f71d1f8fbb72692d285a1e61",
                "shasum": ""
            },
            "type": "library",
            "autoload": {
                "psr-4": {
                    "Common\\": "src/"
                }
            },
            "description": "Типаж, реализующий паттерн 'синглтон'.",
            "support": {
                "source": "https://github.com/gleb-mihalkov/php-common-singleton/tree/v1.0.1",
                "issues": "https://github.com/gleb-mihalkov/php-common-singleton/issues"
            },
            "time": "2017-09-13T20:40:31+00:00"
        },
        {
            "name": "gm/php-common-transaction",
            "version": "dev-master",
            "source": {
                "type": "git",
                "url": "https://github.com/gleb-mihalkov/php-common-transaction.git",
                "reference": "26df72f41c7df1ba6d0fc2699f95c74bc6025191"
            },
            "dist": {
                "type": "zip",
                "url": "https://api.github.com/repos/gleb-mihalkov/php-common-transaction/zipball/26df72f41c7df1ba6d0fc2699f95c74bc6025191",
                "reference": "26df72f41c7df1ba6d0fc2699f95c74bc6025191",
                "shasum": ""
            },
            "type": "library",
            "autoload": {
                "psr-4": {
                    "Common\\": "src/"
                }
            },
            "description": "Интерфейс, объявляющий паттерн транзакции.",
            "support": {
                "source": "https://github.com/gleb-mihalkov/php-common-transaction/tree/v1.0.1-stable",
                "issues": "https://github.com/gleb-mihalkov/php-common-transaction/issues"
            },
            "time": "2017-09-13T20:48:00+00:00"
        }
    ],
    "packages-dev": [],
    "aliases": [],
    "minimum-stability": "stable",
    "stability-flags": {
        "gm/php-common-singleton": 20,
        "gm/php-common-transaction": 20
    },
    "prefer-stable": true,
    "prefer-lowest": false,
    "platform": [],
    "platform-dev": []
}
